{
  "name": "@sprintloop/assurance-kit",
  "version": "0.3.0",
  "lockfileVersion": 3,
  "requires": true,
  "packages": {
    "": {
      "name": "@sprintloop/assurance-kit",
      "version": "0.3.0",
      "license": "MIT",
      "bin": {
        "sprintloop-assure": "bin/sprintloop-assure.mjs"
      },
      "engines": {
        "node": ">=22.23.2 <23 || >=24.20.0 <25"
      }
    }
  }
}
